// !$*UTF8*$!
{
	archiveVersion = 1;
	classes = {
	};
	objectVersion = 46;
	objects = {

/* Begin PBXBuildFile section */
		2769E89119FD797F00665FEC /* measure.cpp in Sources */ = {isa = PBXBuildFile; fileRef = 2769E88419FD797F00665FEC /* measure.cpp */; };
		2769E89219FD797F00665FEC /* measure.h in Headers */ = {isa = PBXBuildFile; fileRef = 2769E88519FD797F00665FEC /* measure.h */; };
		2769E89319FD797F00665FEC /* note.cpp in Sources */ = {isa = PBXBuildFile; fileRef = 2769E88619FD797F00665FEC /* note.cpp */; };
		2769E89419FD797F00665FEC /* note.h in Headers */ = {isa = PBXBuildFile; fileRef = 2769E88719FD797F00665FEC /* note.h */; };
		2769E89519FD797F00665FEC /* staff.cpp in Sources */ = {isa = PBXBuildFile; fileRef = 2769E88819FD797F00665FEC /* staff.cpp */; };
		2769E89619FD797F00665FEC /* staff.h in Headers */ = {isa = PBXBuildFile; fileRef = 2769E88919FD797F00665FEC /* staff.h */; };
		2769E89719FD797F00665FEC /* tablature_api.h in Headers */ = {isa = PBXBuildFile; fileRef = 2769E88A19FD797F00665FEC /* tablature_api.h */; };
		2769E89819FD797F00665FEC /* timing.cpp in Sources */ = {isa = PBXBuildFile; fileRef = 2769E88B19FD797F00665FEC /* timing.cpp */; };
		2769E89919FD797F00665FEC /* timing.h in Headers */ = {isa = PBXBuildFile; fileRef = 2769E88C19FD797F00665FEC /* timing.h */; };
		2769E89A19FD797F00665FEC /* tone.cpp in Sources */ = {isa = PBXBuildFile; fileRef = 2769E88D19FD797F00665FEC /* tone.cpp */; };
		2769E89B19FD797F00665FEC /* tone.h in Headers */ = {isa = PBXBuildFile; fileRef = 2769E88E19FD797F00665FEC /* tone.h */; };
		2769E89C19FD797F00665FEC /* types.cpp in Sources */ = {isa = PBXBuildFile; fileRef = 2769E88F19FD797F00665FEC /* types.cpp */; };
		2769E89D19FD797F00665FEC /* types.h in Headers */ = {isa = PBXBuildFile; fileRef = 2769E89019FD797F00665FEC /* types.h */; };
/* End PBXBuildFile section */

/* Begin PBXFileReference section */
		2769E87619FD795D00665FEC /* libMusicNotation.a */ = {isa = PBXFileReference; explicitFileType = archive.ar; includeInIndex = 0; path = libMusicNotation.a; sourceTree = BUILT_PRODUCTS_DIR; };
		2769E88419FD797F00665FEC /* measure.cpp */ = {isa = PBXFileReference; fileEncoding = 4; lastKnownFileType = sourcecode.cpp.cpp; name = measure.cpp; path = ../../src/measure.cpp; sourceTree = "<group>"; };
		2769E88519FD797F00665FEC /* measure.h */ = {isa = PBXFileReference; fileEncoding = 4; lastKnownFileType = sourcecode.c.h; name = measure.h; path = ../../src/measure.h; sourceTree = "<group>"; };
		2769E88619FD797F00665FEC /* note.cpp */ = {isa = PBXFileReference; fileEncoding = 4; lastKnownFileType = sourcecode.cpp.cpp; name = note.cpp; path = ../../src/note.cpp; sourceTree = "<group>"; };
		2769E88719FD797F00665FEC /* note.h */ = {isa = PBXFileReference; fileEncoding = 4; lastKnownFileType = sourcecode.c.h; name = note.h; path = ../../src/note.h; sourceTree = "<group>"; };
		2769E88819FD797F00665FEC /* staff.cpp */ = {isa = PBXFileReference; fileEncoding = 4; lastKnownFileType = sourcecode.cpp.cpp; name = staff.cpp; path = ../../src/staff.cpp; sourceTree = "<group>"; };
		2769E88919FD797F00665FEC /* staff.h */ = {isa = PBXFileReference; fileEncoding = 4; lastKnownFileType = sourcecode.c.h; name = staff.h; path = ../../src/staff.h; sourceTree = "<group>"; };
		2769E88A19FD797F00665FEC /* tablature_api.h */ = {isa = PBXFileReference; fileEncoding = 4; lastKnownFileType = sourcecode.c.h; name = tablature_api.h; path = ../../src/tablature_api.h; sourceTree = "<group>"; };
		2769E88B19FD797F00665FEC /* timing.cpp */ = {isa = PBXFileReference; fileEncoding = 4; lastKnownFileType = sourcecode.cpp.cpp; name = timing.cpp; path = ../../src/timing.cpp; sourceTree = "<group>"; };
		2769E88C19FD797F00665FEC /* timing.h */ = {isa = PBXFileReference; fileEncoding = 4; lastKnownFileType = sourcecode.c.h; name = timing.h; path = ../../src/timing.h; sourceTree = "<group>"; };
		2769E88D19FD797F00665FEC /* tone.cpp */ = {isa = PBXFileReference; fileEncoding = 4; lastKnownFileType = sourcecode.cpp.cpp; name = tone.cpp; path = ../../src/tone.cpp; sourceTree = "<group>"; };
		2769E88E19FD797F00665FEC /* tone.h */ = {isa = PBXFileReference; fileEncoding = 4; lastKnownFileType = sourcecode.c.h; name = tone.h; path = ../../src/tone.h; sourceTree = "<group>"; };
		2769E88F19FD797F00665FEC /* types.cpp */ = {isa = PBXFileReference; fileEncoding = 4; lastKnownFileType = sourcecode.cpp.cpp; name = types.cpp; path = ../../src/types.cpp; sourceTree = "<group>"; };
		2769E89019FD797F00665FEC /* types.h */ = {isa = PBXFileReference; fileEncoding = 4; lastKnownFileType = sourcecode.c.h; name = types.h; path = ../../src/types.h; sourceTree = "<group>"; };
/* End PBXFileReference section */

/* Begin PBXFrameworksBuildPhase section */
		2769E87319FD795D00665FEC /* Frameworks */ = {
			isa = PBXFrameworksBuildPhase;
			buildActionMask = 2147483647;
			files = (
			);
			runOnlyForDeploymentPostprocessing = 0;
		};
/* End PBXFrameworksBuildPhase section */

/* Begin PBXGroup section */
		2769E86D19FD795D00665FEC = {
			isa = PBXGroup;
			children = (
				2769E87819FD795D00665FEC /* MusicNotation */,
				2769E87719FD795D00665FEC /* Products */,
			);
			sourceTree = "<group>";
		};
		2769E87719FD795D00665FEC /* Products */ = {
			isa = PBXGroup;
			children = (
				2769E87619FD795D00665FEC /* libMusicNotation.a */,
			);
			name = Products;
			sourceTree = "<group>";
		};
		2769E87819FD795D00665FEC /* MusicNotation */ = {
			isa = PBXGroup;
			children = (
				2769E88419FD797F00665FEC /* measure.cpp */,
				2769E88519FD797F00665FEC /* measure.h */,
				2769E88619FD797F00665FEC /* note.cpp */,
				2769E88719FD797F00665FEC /* note.h */,
				2769E88819FD797F00665FEC /* staff.cpp */,
				2769E88919FD797F00665FEC /* staff.h */,
				2769E88A19FD797F00665FEC /* tablature_api.h */,
				2769E88B19FD797F00665FEC /* timing.cpp */,
				2769E88C19FD797F00665FEC /* timing.h */,
				2769E88D19FD797F00665FEC /* tone.cpp */,
				2769E88E19FD797F00665FEC /* tone.h */,
				2769E88F19FD797F00665FEC /* types.cpp */,
				2769E89019FD797F00665FEC /* types.h */,
			);
			path = MusicNotation;
			sourceTree = "<group>";
		};
/* End PBXGroup section */

/* Begin PBXHeadersBuildPhase section */
		2769E87419FD795D00665FEC /* Headers */ = {
			isa = PBXHeadersBuildPhase;
			buildActionMask = 2147483647;
			files = (
				2769E89619FD797F00665FEC /* staff.h in Headers */,
				2769E89419FD797F00665FEC /* note.h in Headers */,
				2769E89D19FD797F00665FEC /* types.h in Headers */,
				2769E89719FD797F00665FEC /* tablature_api.h in Headers */,
				2769E89219FD797F00665FEC /* measure.h in Headers */,
				2769E89B19FD797F00665FEC /* tone.h in Headers */,
				2769E89919FD797F00665FEC /* timing.h in Headers */,
			);
			runOnlyForDeploymentPostprocessing = 0;
		};
/* End PBXHeadersBuildPhase section */

/* Begin PBXNativeTarget section */
		2769E87519FD795D00665FEC /* MusicNotation */ = {
			isa = PBXNativeTarget;
			buildConfigurationList = 2769E88119FD795D00665FEC /* Build configuration list for PBXNativeTarget "MusicNotation" */;
			buildPhases = (
				2769E87219FD795D00665FEC /* Sources */,
				2769E87319FD795D00665FEC /* Frameworks */,
				2769E87419FD795D00665FEC /* Headers */,
			);
			buildRules = (
			);
			dependencies = (
			);
			name = MusicNotation;
			productName = MusicNotation;
			productReference = 2769E87619FD795D00665FEC /* libMusicNotation.a */;
			productType = "com.apple.product-type.library.static";
		};
/* End PBXNativeTarget section */

/* Begin PBXProject section */
		2769E86E19FD795D00665FEC /* Project object */ = {
			isa = PBXProject;
			attributes = {
				LastUpgradeCheck = 0610;
				ORGANIZATIONNAME = "Kyle Sherman";
				TargetAttributes = {
					2769E87519FD795D00665FEC = {
						CreatedOnToolsVersion = 6.1;
					};
				};
			};
			buildConfigurationList = 2769E87119FD795D00665FEC /* Build configuration list for PBXProject "MusicNotation" */;
			compatibilityVersion = "Xcode 3.2";
			developmentRegion = English;
			hasScannedForEncodings = 0;
			knownRegions = (
				en,
			);
			mainGroup = 2769E86D19FD795D00665FEC;
			productRefGroup = 2769E87719FD795D00665FEC /* Products */;
			projectDirPath = "";
			projectRoot = "";
			targets = (
				2769E87519FD795D00665FEC /* MusicNotation */,
			);
		};
/* End PBXProject section */

/* Begin PBXSourcesBuildPhase section */
		2769E87219FD795D00665FEC /* Sources */ = {
			isa = PBXSourcesBuildPhase;
			buildActionMask = 2147483647;
			files = (
				2769E89119FD797F00665FEC /* measure.cpp in Sources */,
				2769E89519FD797F00665FEC /* staff.cpp in Sources */,
				2769E89319FD797F00665FEC /* note.cpp in Sources */,
				2769E89A19FD797F00665FEC /* tone.cpp in Sources */,
				2769E89819FD797F00665FEC /* timing.cpp in Sources */,
				2769E89C19FD797F00665FEC /* types.cpp in Sources */,
			);
			runOnlyForDeploymentPostprocessing = 0;
		};
/* End PBXSourcesBuildPhase section */

/* Begin XCBuildConfiguration section */
		2769E87F19FD795D00665FEC /* Debug */ = {
			isa = XCBuildConfiguration;
			buildSettings = {
				ALWAYS_SEARCH_USER_PATHS = NO;
				CLANG_CXX_LANGUAGE_STANDARD = "gnu++0x";
				CLANG_CXX_LIBRARY = "libc++";
				CLANG_ENABLE_MODULES = YES;
				CLANG_ENABLE_OBJC_ARC = YES;
				CLANG_WARN_BOOL_CONVERSION = YES;
				CLANG_WARN_CONSTANT_CONVERSION = YES;
				CLANG_WARN_DIRECT_OBJC_ISA_USAGE = YES_ERROR;
				CLANG_WARN_EMPTY_BODY = YES;
				CLANG_WARN_ENUM_CONVERSION = YES;
				CLANG_WARN_INT_CONVERSION = YES;
				CLANG_WARN_OBJC_ROOT_CLASS = YES_ERROR;
				CLANG_WARN_UNREACHABLE_CODE = YES;
				CLANG_WARN__DUPLICATE_METHOD_MATCH = YES;
				COPY_PHASE_STRIP = NO;
				ENABLE_STRICT_OBJC_MSGSEND = YES;
				GCC_C_LANGUAGE_STANDARD = gnu99;
				GCC_DYNAMIC_NO_PIC = NO;
				GCC_OPTIMIZATION_LEVEL = 0;
				GCC_PREPROCESSOR_DEFINITIONS = (
					"DEBUG=1",
					"$(inherited)",
				);
				GCC_SYMBOLS_PRIVATE_EXTERN = NO;
				GCC_WARN_64_TO_32_BIT_CONVERSION = YES;
				GCC_WARN_ABOUT_RETURN_TYPE = YES_ERROR;
				GCC_WARN_UNDECLARED_SELECTOR = YES;
				GCC_WARN_UNINITIALIZED_AUTOS = YES_AGGRESSIVE;
				GCC_WARN_UNUSED_FUNCTION = YES;
				GCC_WARN_UNUSED_VARIABLE = YES;
				MACOSX_DEPLOYMENT_TARGET = 10.10;
				MTL_ENABLE_DEBUG_INFO = YES;
				ONLY_ACTIVE_ARCH = YES;
				SDKROOT = macosx;
			};
			name = Debug;
		};
		2769E88019FD795D00665FEC /* Release */ = {
			isa = XCBuildConfiguration;
			buildSettings = {
				ALWAYS_SEARCH_USER_PATHS = NO;
				CLANG_CXX_LANGUAGE_STANDARD = "gnu++0x";
				CLANG_CXX_LIBRARY = "libc++";
				CLANG_ENABLE_MODULES = YES;
				CLANG_ENABLE_OBJC_ARC = YES;
				CLANG_WARN_BOOL_CONVERSION = YES;
				CLANG_WARN_CONSTANT_CONVERSION = YES;
				CLANG_WARN_DIRECT_OBJC_ISA_USAGE = YES_ERROR;
				CLANG_WARN_EMPTY_BODY = YES;
				CLANG_WARN_ENUM_CONVERSION = YES;
				CLANG_WARN_INT_CONVERSION = YES;
				CLANG_WARN_OBJC_ROOT_CLASS = YES_ERROR;
				CLANG_WARN_UNREACHABLE_CODE = YES;
				CLANG_WARN__DUPLICATE_METHOD_MATCH = YES;
				COPY_PHASE_STRIP = YES;
				DEBUG_INFORMATION_FORMAT = "dwarf-with-dsym";
				ENABLE_NS_ASSERTIONS = NO;
				ENABLE_STRICT_OBJC_MSGSEND = YES;
				GCC_C_LANGUAGE_STANDARD = gnu99;
				GCC_WARN_64_TO_32_BIT_CONVERSION = YES;
				GCC_WARN_ABOUT_RETURN_TYPE = YES_ERROR;
				GCC_WARN_UNDECLARED_SELECTOR = YES;
				GCC_WARN_UNINITIALIZED_AUTOS = YES_AGGRESSIVE;
				GCC_WARN_UNUSED_FUNCTION = YES;
				GCC_WARN_UNUSED_VARIABLE = YES;
				MACOSX_DEPLOYMENT_TARGET = 10.10;
				MTL_ENABLE_DEBUG_INFO = NO;
				SDKROOT = macosx;
			};
			name = Release;
		};
		2769E88219FD795D00665FEC /* Debug */ = {
			isa = XCBuildConfiguration;
			buildSettings = {
				EXECUTABLE_PREFIX = lib;
				GCC_ENABLE_CPP_EXCEPTIONS = YES;
				GCC_ENABLE_CPP_RTTI = YES;
				GCC_SYMBOLS_PRIVATE_EXTERN = NO;
				PRODUCT_NAME = "$(TARGET_NAME)";
			};
			name = Debug;
		};
		2769E88319FD795D00665FEC /* Release */ = {
			isa = XCBuildConfiguration;
			buildSettings = {
				EXECUTABLE_PREFIX = lib;
				GCC_ENABLE_CPP_EXCEPTIONS = YES;
				GCC_ENABLE_CPP_RTTI = YES;
				GCC_SYMBOLS_PRIVATE_EXTERN = NO;
				PRODUCT_NAME = "$(TARGET_NAME)";
			};
			name = Release;
		};
/* End XCBuildConfiguration section */

/* Begin XCConfigurationList section */
		2769E87119FD795D00665FEC /* Build configuration list for PBXProject "MusicNotation" */ = {
			isa = XCConfigurationList;
			buildConfigurations = (
				2769E87F19FD795D00665FEC /* Debug */,
				2769E88019FD795D00665FEC /* Release */,
			);
			defaultConfigurationIsVisible = 0;
			defaultConfigurationName = Release;
		};
		2769E88119FD795D00665FEC /* Build configuration list for PBXNativeTarget "MusicNotation" */ = {
			isa = XCConfigurationList;
			buildConfigurations = (
				2769E88219FD795D00665FEC /* Debug */,
				2769E88319FD795D00665FEC /* Release */,
			);
			defaultConfigurationIsVisible = 0;
		};
/* End XCConfigurationList section */
	};
	rootObject = 2769E86E19FD795D00665FEC /* Project object */;
}
